// !$*UTF8*$!
{
	archiveVersion = 1;
	classes = {
	};
	objectVersion = 50;
	objects = {

/* Begin PBXBuildFile section */
		544907FB23D364D200E6B9F9 /* AppDelegate.swift in Sources */ = {isa = PBXBuildFile; fileRef = 544907FA23D364D200E6B9F9 /* AppDelegate.swift */; };
		544907FD23D364D200E6B9F9 /* SceneDelegate.swift in Sources */ = {isa = PBXBuildFile; fileRef = 544907FC23D364D200E6B9F9 /* SceneDelegate.swift */; };
		544907FF23D364D200E6B9F9 /* ViewController.swift in Sources */ = {isa = PBXBuildFile; fileRef = 544907FE23D364D200E6B9F9 /* ViewController.swift */; };
		5449080223D364D200E6B9F9 /* Main.storyboard in Resources */ = {isa = PBXBuildFile; fileRef = 5449080023D364D200E6B9F9 /* Main.storyboard */; };
		5449080423D364D400E6B9F9 /* Assets.xcassets in Resources */ = {isa = PBXBuildFile; fileRef = 5449080323D364D400E6B9F9 /* Assets.xcassets */; };
		5449080723D364D400E6B9F9 /* LaunchScreen.storyboard in Resources */ = {isa = PBXBuildFile; fileRef = 5449080523D364D400E6B9F9 /* LaunchScreen.storyboard */; };
/* End PBXBuildFile section */

/* Begin PBXFileReference section */
		544907F723D364D200E6B9F9 /* IOSND-MemeMe-1.0.app */ = {isa = PBXFileReference; explicitFileType = wrapper.application; includeInIndex = 0; path = "IOSND-MemeMe-1.0.app"; sourceTree = BUILT_PRODUCTS_DIR; };
		544907FA23D364D200E6B9F9 /* AppDelegate.swift */ = {isa = PBXFileReference; lastKnownFileType = sourcecode.swift; path = AppDelegate.swift; sourceTree = "<group>"; };
		544907FC23D364D200E6B9F9 /* SceneDelegate.swift */ = {isa = PBXFileReference; lastKnownFileType = sourcecode.swift; path = SceneDelegate.swift; sourceTree = "<group>"; };
		544907FE23D364D200E6B9F9 /* ViewController.swift */ = {isa = PBXFileReference; lastKnownFileType = sourcecode.swift; path = ViewController.swift; sourceTree = "<group>"; };
		5449080123D364D200E6B9F9 /* Base */ = {isa = PBXFileReference; lastKnownFileType = file.storyboard; name = Base; path = Base.lproj/Main.storyboard; sourceTree = "<group>"; };
		5449080323D364D400E6B9F9 /* Assets.xcassets */ = {isa = PBXFileReference; lastKnownFileType = folder.assetcatalog; path = Assets.xcassets; sourceTree = "<group>"; };
		5449080623D364D400E6B9F9 /* Base */ = {isa = PBXFileReference; lastKnownFileType = file.storyboard; name = Base; path = Base.lproj/LaunchScreen.storyboard; sourceTree = "<group>"; };
		5449080823D364D400E6B9F9 /* Info.plist */ = {isa = PBXFileReference; lastKnownFileType = text.plist.xml; path = Info.plist; sourceTree = "<group>"; };
/* End PBXFileReference section */

/* Begin PBXFrameworksBuildPhase section */
		544907F423D364D200E6B9F9 /* Frameworks */ = {
			isa = PBXFrameworksBuildPhase;
			buildActionMask = 2147483647;
			files = (
			);
			runOnlyForDeploymentPostprocessing = 0;
		};
/* End PBXFrameworksBuildPhase section */

/* Begin PBXGroup section */
		544907EE23D364D200E6B9F9 = {
			isa = PBXGroup;
			children = (
				544907F923D364D200E6B9F9 /* IOSND-MemeMe-1.0 */,
				544907F823D364D200E6B9F9 /* Products */,
			);
			sourceTree = "<group>";
		};
		544907F823D364D200E6B9F9 /* Products */ = {
			isa = PBXGroup;
			children = (
				544907F723D364D200E6B9F9 /* IOSND-MemeMe-1.0.app */,
			);
			name = Products;
			sourceTree = "<group>";
		};
		544907F923D364D200E6B9F9 /* IOSND-MemeMe-1.0 */ = {
			isa = PBXGroup;
			children = (
				544907FA23D364D200E6B9F9 /* AppDelegate.swift */,
				544907FC23D364D200E6B9F9 /* SceneDelegate.swift */,
				544907FE23D364D200E6B9F9 /* ViewController.swift */,
				5449080023D364D200E6B9F9 /* Main.storyboard */,
				5449080323D364D400E6B9F9 /* Assets.xcassets */,
				5449080523D364D400E6B9F9 /* LaunchScreen.storyboard */,
				5449080823D364D400E6B9F9 /* Info.plist */,
			);
			path = "IOSND-MemeMe-1.0";
			sourceTree = "<group>";
		};
/* End PBXGroup section */

/* Begin PBXNativeTarget section */
		544907F623D364D200E6B9F9 /* IOSND-MemeMe-1.0 */ = {
			isa = PBXNativeTarget;
			buildConfigurationList = 5449080B23D364D400E6B9F9 /* Build configuration list for PBXNativeTarget "IOSND-MemeMe-1.0" */;
			buildPhases = (
				544907F323D364D200E6B9F9 /* Sources */,
				544907F423D364D200E6B9F9 /* Frameworks */,
				544907F523D364D200E6B9F9 /* Resources */,
			);
			buildRules = (
			);
			dependencies = (
			);
			name = "IOSND-MemeMe-1.0";
			productName = "IOSND-MemeMe-1.0";
			productReference = 544907F723D364D200E6B9F9 /* IOSND-MemeMe-1.0.app */;
			productType = "com.apple.product-type.application";
		};
/* End PBXNativeTarget section */

/* Begin PBXProject section */
		544907EF23D364D200E6B9F9 /* Project object */ = {
			isa = PBXProject;
			attributes = {
				LastSwiftUpdateCheck = 1130;
				LastUpgradeCheck = 1130;
				ORGANIZATIONNAME = "Dimopoulos Stavros tou Athanasiou";
				TargetAttributes = {
					544907F623D364D200E6B9F9 = {
						CreatedOnToolsVersion = 11.3.1;
					};
				};
			};
			buildConfigurationList = 544907F223D364D200E6B9F9 /* Build configuration list for PBXProject "IOSND-MemeMe-1.0" */;
			compatibilityVersion = "Xcode 9.3";
			developmentRegion = en;
			hasScannedForEncodings = 0;
			knownRegions = (
				en,
				Base,
			);
			mainGroup = 544907EE23D364D200E6B9F9;
			productRefGroup = 544907F823D364D200E6B9F9 /* Products */;
			projectDirPath = "";
			projectRoot = "";
			targets = (
				544907F623D364D200E6B9F9 /* IOSND-MemeMe-1.0 */,
			);
		};
/* End PBXProject section */

/* Begin PBXResourcesBuildPhase section */
		544907F523D364D200E6B9F9 /* Resources */ = {
			isa = PBXResourcesBuildPhase;
			buildActionMask = 2147483647;
			files = (
				5449080723D364D400E6B9F9 /* LaunchScreen.storyboard in Resources */,
				5449080423D364D400E6B9F9 /* Assets.xcassets in Resources */,
				5449080223D364D200E6B9F9 /* Main.storyboard in Resources */,
			);
			runOnlyForDeploymentPostprocessing = 0;
		};
/* End PBXResourcesBuildPhase section */

/* Begin PBXSourcesBuildPhase section */
		544907F323D364D200E6B9F9 /* Sources */ = {
			isa = PBXSourcesBuildPhase;
			buildActionMask = 2147483647;
			files = (
				544907FF23D364D200E6B9F9 /* ViewController.swift in Sources */,
				544907FB23D364D200E6B9F9 /* AppDelegate.swift in Sources */,
				544907FD23D364D200E6B9F9 /* SceneDelegate.swift in Sources */,
			);
			runOnlyForDeploymentPostprocessing = 0;
		};
/* End PBXSourcesBuildPhase section */

/* Begin PBXVariantGroup section */
		5449080023D364D200E6B9F9 /* Main.storyboard */ = {
			isa = PBXVariantGroup;
			children = (
				5449080123D364D200E6B9F9 /* Base */,
			);
			name = Main.storyboard;
			sourceTree = "<group>";
		};
		5449080523D364D400E6B9F9 /* LaunchScreen.storyboard */ = {
			isa = PBXVariantGroup;
			children = (
				5449080623D364D400E6B9F9 /* Base */,
			);
			name = LaunchScreen.storyboard;
			sourceTree = "<group>";
		};
/* End PBXVariantGroup section */

/* Begin XCBuildConfiguration section */
		5449080923D364D400E6B9F9 /* Debug */ = {
			isa = XCBuildConfiguration;
			buildSettings = {
				ALWAYS_SEARCH_USER_PATHS = NO;
				CLANG_ANALYZER_NONNULL = YES;
				CLANG_ANALYZER_NUMBER_OBJECT_CONVERSION = YES_AGGRESSIVE;
				CLANG_CXX_LANGUAGE_STANDARD = "gnu++14";
				CLANG_CXX_LIBRARY = "libc++";
				CLANG_ENABLE_MODULES = YES;
				CLANG_ENABLE_OBJC_ARC = YES;
				CLANG_ENABLE_OBJC_WEAK = YES;
				CLANG_WARN_BLOCK_CAPTURE_AUTORELEASING = YES;
				CLANG_WARN_BOOL_CONVERSION = YES;
				CLANG_WARN_COMMA = YES;
				CLANG_WARN_CONSTANT_CONVERSION = YES;
				CLANG_WARN_DEPRECATED_OBJC_IMPLEMENTATIONS = YES;
				CLANG_WARN_DIRECT_OBJC_ISA_USAGE = YES_ERROR;
				CLANG_WARN_DOCUMENTATION_COMMENTS = YES;
				CLANG_WARN_EMPTY_BODY = YES;
				CLANG_WARN_ENUM_CONVERSION = YES;
				CLANG_WARN_INFINITE_RECURSION = YES;
				CLANG_WARN_INT_CONVERSION = YES;
				CLANG_WARN_NON_LITERAL_NULL_CONVERSION = YES;
				CLANG_WARN_OBJC_IMPLICIT_RETAIN_SELF = YES;
				CLANG_WARN_OBJC_LITERAL_CONVERSION = YES;
				CLANG_WARN_OBJC_ROOT_CLASS = YES_ERROR;
				CLANG_WARN_RANGE_LOOP_ANALYSIS = YES;
				CLANG_WARN_STRICT_PROTOTYPES = YES;
				CLANG_WARN_SUSPICIOUS_MOVE = YES;
				CLANG_WARN_UNGUARDED_AVAILABILITY = YES_AGGRESSIVE;
				CLANG_WARN_UNREACHABLE_CODE = YES;
				CLANG_WARN__DUPLICATE_METHOD_MATCH = YES;
				COPY_PHASE_STRIP = NO;
				DEBUG_INFORMATION_FORMAT = dwarf;
				ENABLE_STRICT_OBJC_MSGSEND = YES;
				ENABLE_TESTABILITY = YES;
				GCC_C_LANGUAGE_STANDARD = gnu11;
				GCC_DYNAMIC_NO_PIC = NO;
				GCC_NO_COMMON_BLOCKS = YES;
				GCC_OPTIMIZATION_LEVEL = 0;
				GCC_PREPROCESSOR_DEFINITIONS = (
					"DEBUG=1",
					"$(inherited)",
				);
				GCC_WARN_64_TO_32_BIT_CONVERSION = YES;
				GCC_WARN_ABOUT_RETURN_TYPE = YES_ERROR;
				GCC_WARN_UNDECLARED_SELECTOR = YES;
				GCC_WARN_UNINITIALIZED_AUTOS = YES_AGGRESSIVE;
				GCC_WARN_UNUSED_FUNCTION = YES;
				GCC_WARN_UNUSED_VARIABLE = YES;
				IPHONEOS_DEPLOYMENT_TARGET = 13.2;
				MTL_ENABLE_DEBUG_INFO = INCLUDE_SOURCE;
				MTL_FAST_MATH = YES;
				ONLY_ACTIVE_ARCH = YES;
				SDKROOT = iphoneos;
				SWIFT_ACTIVE_COMPILATION_CONDITIONS = DEBUG;
				SWIFT_OPTIMIZATION_LEVEL = "-Onone";
			};
			name = Debug;
		};
		5449080A23D364D400E6B9F9 /* Release */ = {
			isa = XCBuildConfiguration;
			buildSettings = {
				ALWAYS_SEARCH_USER_PATHS = NO;
				CLANG_ANALYZER_NONNULL = YES;
				CLANG_ANALYZER_NUMBER_OBJECT_CONVERSION = YES_AGGRESSIVE;
				CLANG_CXX_LANGUAGE_STANDARD = "gnu++14";
				CLANG_CXX_LIBRARY = "libc++";
				CLANG_ENABLE_MODULES = YES;
				CLANG_ENABLE_OBJC_ARC = YES;
				CLANG_ENABLE_OBJC_WEAK = YES;
				CLANG_WARN_BLOCK_CAPTURE_AUTORELEASING = YES;
				CLANG_WARN_BOOL_CONVERSION = YES;
				CLANG_WARN_COMMA = YES;
				CLANG_WARN_CONSTANT_CONVERSION = YES;
				CLANG_WARN_DEPRECATED_OBJC_IMPLEMENTATIONS = YES;
				CLANG_WARN_DIRECT_OBJC_ISA_USAGE = YES_ERROR;
				CLANG_WARN_DOCUMENTATION_COMMENTS = YES;
				CLANG_WARN_EMPTY_BODY = YES;
				CLANG_WARN_ENUM_CONVERSION = YES;
				CLANG_WARN_INFINITE_RECURSION = YES;
				CLANG_WARN_INT_CONVERSION = YES;
				CLANG_WARN_NON_LITERAL_NULL_CONVERSION = YES;
				CLANG_WARN_OBJC_IMPLICIT_RETAIN_SELF = YES;
				CLANG_WARN_OBJC_LITERAL_CONVERSION = YES;
				CLANG_WARN_OBJC_ROOT_CLASS = YES_ERROR;
				CLANG_WARN_RANGE_LOOP_ANALYSIS = YES;
				CLANG_WARN_STRICT_PROTOTYPES = YES;
				CLANG_WARN_SUSPICIOUS_MOVE = YES;
				CLANG_WARN_UNGUARDED_AVAILABILITY = YES_AGGRESSIVE;
				CLANG_WARN_UNREACHABLE_CODE = YES;
				CLANG_WARN__DUPLICATE_METHOD_MATCH = YES;
				COPY_PHASE_STRIP = NO;
				DEBUG_INFORMATION_FORMAT = "dwarf-with-dsym";
				ENABLE_NS_ASSERTIONS = NO;
				ENABLE_STRICT_OBJC_MSGSEND = YES;
				GCC_C_LANGUAGE_STANDARD = gnu11;
				GCC_NO_COMMON_BLOCKS = YES;
				GCC_WARN_64_TO_32_BIT_CONVERSION = YES;
				GCC_WARN_ABOUT_RETURN_TYPE = YES_ERROR;
				GCC_WARN_UNDECLARED_SELECTOR = YES;
				GCC_WARN_UNINITIALIZED_AUTOS = YES_AGGRESSIVE;
				GCC_WARN_UNUSED_FUNCTION = YES;
				GCC_WARN_UNUSED_VARIABLE = YES;
				IPHONEOS_DEPLOYMENT_TARGET = 13.2;
				MTL_ENABLE_DEBUG_INFO = NO;
				MTL_FAST_MATH = YES;
				SDKROOT = iphoneos;
				SWIFT_COMPILATION_MODE = wholemodule;
				SWIFT_OPTIMIZATION_LEVEL = "-O";
				VALIDATE_PRODUCT = YES;
			};
			name = Release;
		};
		5449080C23D364D400E6B9F9 /* Debug */ = {
			isa = XCBuildConfiguration;
			buildSettings = {
				ASSETCATALOG_COMPILER_APPICON_NAME = AppIcon;
				CODE_SIGN_STYLE = Automatic;
				DEVELOPMENT_TEAM = KGAZ25CZ2W;
				INFOPLIST_FILE = "IOSND-MemeMe-1.0/Info.plist";
				LD_RUNPATH_SEARCH_PATHS = (
					"$(inherited)",
					"@executable_path/Frameworks",
				);
				PRODUCT_BUNDLE_IDENTIFIER = "gr.sdim.IOSND-MemeMe-1-0";
				PRODUCT_NAME = "$(TARGET_NAME)";
				SWIFT_VERSION = 5.0;
				TARGETED_DEVICE_FAMILY = "1,2";
			};
			name = Debug;
		};
		5449080D23D364D400E6B9F9 /* Release */ = {
			isa = XCBuildConfiguration;
			buildSettings = {
				ASSETCATALOG_COMPILER_APPICON_NAME = AppIcon;
				CODE_SIGN_STYLE = Automatic;
				DEVELOPMENT_TEAM = KGAZ25CZ2W;
				INFOPLIST_FILE = "IOSND-MemeMe-1.0/Info.plist";
				LD_RUNPATH_SEARCH_PATHS = (
					"$(inherited)",
					"@executable_path/Frameworks",
				);
				PRODUCT_BUNDLE_IDENTIFIER = "gr.sdim.IOSND-MemeMe-1-0";
				PRODUCT_NAME = "$(TARGET_NAME)";
				SWIFT_VERSION = 5.0;
				TARGETED_DEVICE_FAMILY = "1,2";
			};
			name = Release;
		};
/* End XCBuildConfiguration section */

/* Begin XCConfigurationList section */
		544907F223D364D200E6B9F9 /* Build configuration list for PBXProject "IOSND-MemeMe-1.0" */ = {
			isa = XCConfigurationList;
			buildConfigurations = (
				5449080923D364D400E6B9F9 /* Debug */,
				5449080A23D364D400E6B9F9 /* Release */,
			);
			defaultConfigurationIsVisible = 0;
			defaultConfigurationName = Release;
		};
		5449080B23D364D400E6B9F9 /* Build configuration list for PBXNativeTarget "IOSND-MemeMe-1.0" */ = {
			isa = XCConfigurationList;
			buildConfigurations = (
				5449080C23D364D400E6B9F9 /* Debug */,
				5449080D23D364D400E6B9F9 /* Release */,
			);
			defaultConfigurationIsVisible = 0;
			defaultConfigurationName = Release;
		};
/* End XCConfigurationList section */
	};
	rootObject = 544907EF23D364D200E6B9F9 /* Project object */;
}
